
Microsoft Visual Studio Solution File, Format Version 12.00
# Visual Studio 15
VisualStudioVersion = 15.0.28307.1062
MinimumVisualStudioVersion = 10.0.40219.1
Project("{FAE04EC0-301F-11D3-BF4B-00C04F79EFBC}") = "MVC", "MVC\MVC.csproj", "{545098C6-057B-420D-9A86-719B07C1645C}"
EndProject
Global
	GlobalSection(SolutionConfigurationPlatforms) = preSolution
		Debug|Any CPU = Debug|Any CPU
		Release|Any CPU = Release|Any CPU
	EndGlobalSection
	GlobalSection(ProjectConfigurationPlatforms) = postSolution
		{545098C6-057B-420D-9A86-719B07C1645C}.Debug|Any CPU.ActiveCfg = Debug|Any CPU
		{545098C6-057B-420D-9A86-719B07C1645C}.Debug|Any CPU.Build.0 = Debug|Any CPU
		{545098C6-057B-420D-9A86-719B07C1645C}.Release|Any CPU.ActiveCfg = Release|Any CPU
		{545098C6-057B-420D-9A86-719B07C1645C}.Release|Any CPU.Build.0 = Release|Any CPU
	EndGlobalSection
	GlobalSection(SolutionProperties) = preSolution
		HideSolutionNode = FALSE
	EndGlobalSection
	GlobalSection(ExtensibilityGlobals) = postSolution
		SolutionGuid = {A16A4301-DCA3-4364-A344-E06D49464F5B}
	EndGlobalSection
EndGlobal
